
Microsoft Visual Studio Solution File, Format Version 12.00
# Visual Studio 15
VisualStudioVersion = 15.0.26124.0
MinimumVisualStudioVersion = 15.0.26124.0
Project("{FAE04EC0-301F-11D3-BF4B-00C04F79EFBC}") = "HomeHub.BackgroundServices", "HomeHub.BackgroundServices\HomeHub.BackgroundServices.csproj", "{3F7BA9D7-B397-436B-8641-4601327689BB}"
EndProject
Project("{FAE04EC0-301F-11D3-BF4B-00C04F79EFBC}") = "HomeHub.BackgroundServices.Tests", "HomeHub.BackgroundServices.Tests\HomeHub.BackgroundServices.Tests.csproj", "{E3966084-DEF8-4B78-A667-43642E35F23E}"
EndProject
Project("{FAE04EC0-301F-11D3-BF4B-00C04F79EFBC}") = "HomeHub.Api", "HomeHub.Api\HomeHub.Api.csproj", "{73FDE0CB-CD3E-40AF-95DE-01DAB7FDD629}"
EndProject
Global
	GlobalSection(SolutionConfigurationPlatforms) = preSolution
		Debug|Any CPU = Debug|Any CPU
		Debug|x64 = Debug|x64
		Debug|x86 = Debug|x86
		Release|Any CPU = Release|Any CPU
		Release|x64 = Release|x64
		Release|x86 = Release|x86
	EndGlobalSection
	GlobalSection(SolutionProperties) = preSolution
		HideSolutionNode = FALSE
	EndGlobalSection
	GlobalSection(ProjectConfigurationPlatforms) = postSolution
		{3F7BA9D7-B397-436B-8641-4601327689BB}.Debug|Any CPU.ActiveCfg = Debug|Any CPU
		{3F7BA9D7-B397-436B-8641-4601327689BB}.Debug|Any CPU.Build.0 = Debug|Any CPU
		{3F7BA9D7-B397-436B-8641-4601327689BB}.Debug|x64.ActiveCfg = Debug|Any CPU
		{3F7BA9D7-B397-436B-8641-4601327689BB}.Debug|x64.Build.0 = Debug|Any CPU
		{3F7BA9D7-B397-436B-8641-4601327689BB}.Debug|x86.ActiveCfg = Debug|Any CPU
		{3F7BA9D7-B397-436B-8641-4601327689BB}.Debug|x86.Build.0 = Debug|Any CPU
		{3F7BA9D7-B397-436B-8641-4601327689BB}.Release|Any CPU.ActiveCfg = Release|Any CPU
		{3F7BA9D7-B397-436B-8641-4601327689BB}.Release|Any CPU.Build.0 = Release|Any CPU
		{3F7BA9D7-B397-436B-8641-4601327689BB}.Release|x64.ActiveCfg = Release|Any CPU
		{3F7BA9D7-B397-436B-8641-4601327689BB}.Release|x64.Build.0 = Release|Any CPU
		{3F7BA9D7-B397-436B-8641-4601327689BB}.Release|x86.ActiveCfg = Release|Any CPU
		{3F7BA9D7-B397-436B-8641-4601327689BB}.Release|x86.Build.0 = Release|Any CPU
		{E3966084-DEF8-4B78-A667-43642E35F23E}.Debug|Any CPU.ActiveCfg = Debug|Any CPU
		{E3966084-DEF8-4B78-A667-43642E35F23E}.Debug|Any CPU.Build.0 = Debug|Any CPU
		{E3966084-DEF8-4B78-A667-43642E35F23E}.Debug|x64.ActiveCfg = Debug|Any CPU
		{E3966084-DEF8-4B78-A667-43642E35F23E}.Debug|x64.Build.0 = Debug|Any CPU
		{E3966084-DEF8-4B78-A667-43642E35F23E}.Debug|x86.ActiveCfg = Debug|Any CPU
		{E3966084-DEF8-4B78-A667-43642E35F23E}.Debug|x86.Build.0 = Debug|Any CPU
		{E3966084-DEF8-4B78-A667-43642E35F23E}.Release|Any CPU.ActiveCfg = Release|Any CPU
		{E3966084-DEF8-4B78-A667-43642E35F23E}.Release|Any CPU.Build.0 = Release|Any CPU
		{E3966084-DEF8-4B78-A667-43642E35F23E}.Release|x64.ActiveCfg = Release|Any CPU
		{E3966084-DEF8-4B78-A667-43642E35F23E}.Release|x64.Build.0 = Release|Any CPU
		{E3966084-DEF8-4B78-A667-43642E35F23E}.Release|x86.ActiveCfg = Release|Any CPU
		{E3966084-DEF8-4B78-A667-43642E35F23E}.Release|x86.Build.0 = Release|Any CPU
		{73FDE0CB-CD3E-40AF-95DE-01DAB7FDD629}.Debug|Any CPU.ActiveCfg = Debug|Any CPU
		{73FDE0CB-CD3E-40AF-95DE-01DAB7FDD629}.Debug|Any CPU.Build.0 = Debug|Any CPU
		{73FDE0CB-CD3E-40AF-95DE-01DAB7FDD629}.Debug|x64.ActiveCfg = Debug|Any CPU
		{73FDE0CB-CD3E-40AF-95DE-01DAB7FDD629}.Debug|x64.Build.0 = Debug|Any CPU
		{73FDE0CB-CD3E-40AF-95DE-01DAB7FDD629}.Debug|x86.ActiveCfg = Debug|Any CPU
		{73FDE0CB-CD3E-40AF-95DE-01DAB7FDD629}.Debug|x86.Build.0 = Debug|Any CPU
		{73FDE0CB-CD3E-40AF-95DE-01DAB7FDD629}.Release|Any CPU.ActiveCfg = Release|Any CPU
		{73FDE0CB-CD3E-40AF-95DE-01DAB7FDD629}.Release|Any CPU.Build.0 = Release|Any CPU
		{73FDE0CB-CD3E-40AF-95DE-01DAB7FDD629}.Release|x64.ActiveCfg = Release|Any CPU
		{73FDE0CB-CD3E-40AF-95DE-01DAB7FDD629}.Release|x64.Build.0 = Release|Any CPU
		{73FDE0CB-CD3E-40AF-95DE-01DAB7FDD629}.Release|x86.ActiveCfg = Release|Any CPU
		{73FDE0CB-CD3E-40AF-95DE-01DAB7FDD629}.Release|x86.Build.0 = Release|Any CPU
	EndGlobalSection
EndGlobal
